{
  "version": "4",
  "redirects": {
    "https://esm.sh/@enkaku/client@0.8": "https://esm.sh/@enkaku/client@0.8.0",
    "https://esm.sh/@enkaku/http-client-transport@0.8": "https://esm.sh/@enkaku/http-client-transport@0.8.0",
    "https://esm.sh/@enkaku/http-server-transport@0.8": "https://esm.sh/@enkaku/http-server-transport@0.8.0",
    "https://esm.sh/@enkaku/server@0.8": "https://esm.sh/@enkaku/server@0.8.0"
  },
  "remote": {
    "https://esm.sh/@enkaku/client@0.8.0": "687b702cc84a1dd79c1c9d4a993b0f5fc2faa4dfe598379ecc9d83288f919c4b",
    "https://esm.sh/@enkaku/http-client-transport@0.8.0": "24ed8bb3db4179cee59d2917fb2874e084cf24f96978073fde2401d24fd32a30",
    "https://esm.sh/@enkaku/http-server-transport@0.8.0": "83126d537e9ed918c95057481a2a9b1fac92c5bed7854ae058197e25d77544d6",
    "https://esm.sh/@enkaku/server@0.8.0": "49f254e7198b096c11c918182f6769671d43a1aab45f7fe4fb26938ca775b0c9",
    "https://esm.sh/v135/@enkaku/capability@0.8.0/denonext/capability.mjs": "5418ff664bc53b77e1122ccebf4f5b12ec525fddea3eede944d74e704c64ff4e",
    "https://esm.sh/v135/@enkaku/client@0.8.0/denonext/client.mjs": "49aa772e95ef44bc24e5cda89df4f037bcd957f8e3dd4adf9d35a7ca4539f006",
    "https://esm.sh/v135/@enkaku/codec@0.8.0/denonext/codec.mjs": "3741217a5d2006bd571f4c0a631d568b0a16e8584b25e4f02e3c857018c40949",
    "https://esm.sh/v135/@enkaku/http-client-transport@0.8.0/denonext/http-client-transport.mjs": "4284b904921f9d824868947cbd9999dbb59abb242bf0ad7e2ee19e2f2f7733b4",
    "https://esm.sh/v135/@enkaku/http-server-transport@0.8.0/denonext/http-server-transport.mjs": "131c5f042755bf37e59f083fc3e27efa7f777c7318f45ecddeb5280d12e7ced9",
    "https://esm.sh/v135/@enkaku/protocol@0.8.0/denonext/protocol.mjs": "0f5f2782c29ab93e1cabda29f66ea20a184526e6bd49b41106f812a4790edc9e",
    "https://esm.sh/v135/@enkaku/schema@0.8.0/denonext/schema.mjs": "3c3fdd7cfe0573bc82fea0afefd491bd9c37560c270bdd0d2ec2896564c7b15e",
    "https://esm.sh/v135/@enkaku/server@0.8.0/denonext/server.mjs": "535e488700340c3c8023768789f7ad08613b9569eca8cb633914541d691e278b",
    "https://esm.sh/v135/@enkaku/stream@0.8.0/denonext/stream.mjs": "86cc32245e6c41f806243de8910c38a61783aa08134169673a7115bb5e228a9a",
    "https://esm.sh/v135/@enkaku/token@0.8.0/denonext/token.mjs": "06293dd7cc9e4436092a57eec4dacdd647e5e61e3c40f635f74328bf1fb40e09",
    "https://esm.sh/v135/@enkaku/transport@0.8.0/denonext/transport.mjs": "2c8b8af85094da1f7c5d6f6e0e4d524b6e24264ffcdda48b5f12e1f8de8264cb",
    "https://esm.sh/v135/@enkaku/util@0.8.0/denonext/util.mjs": "057ba7a515d69882c49e7857d0693a0e0e872486edfd6615261509564da00ece",
    "https://esm.sh/v135/@noble/curves@1.7.0/denonext/_shortw_utils.js": "668d6ad7c801dd2df97055ea59a9c85ab3d9deb4c5ce661647057e82ee107e48",
    "https://esm.sh/v135/@noble/curves@1.7.0/denonext/abstract/curve.js": "2a50d22e6b636069d59f36b0eb4977925d4d4fb1c1bfbdcb0ae6802bf16683aa",
    "https://esm.sh/v135/@noble/curves@1.7.0/denonext/abstract/edwards.js": "b8cd1095aafb5e5df265b51943ebcc51e6f6b0bac4bf76558afff7b2a80f36fb",
    "https://esm.sh/v135/@noble/curves@1.7.0/denonext/abstract/hash-to-curve.js": "98926f9ff243a8d4974df91cfb249844b55a58a4576894c12701f84888cdb445",
    "https://esm.sh/v135/@noble/curves@1.7.0/denonext/abstract/modular.js": "20bad50ff6dfd2c7dee765c881c48205c71a30e95beb68a722438ad39344951a",
    "https://esm.sh/v135/@noble/curves@1.7.0/denonext/abstract/montgomery.js": "d43d167d25f1b35c4e30cb1796e7457c725ab42cadbff22e07c47e39dbca270e",
    "https://esm.sh/v135/@noble/curves@1.7.0/denonext/abstract/utils.js": "29f96150bc3911be0ea7360d7958da92ae77ec885781a206cc1ca6f57178b759",
    "https://esm.sh/v135/@noble/curves@1.7.0/denonext/abstract/weierstrass.js": "e9254d44ce4c126d5ace150e2f842fd6d2cef112ec64800e5dff6012c2dcb53a",
    "https://esm.sh/v135/@noble/curves@1.7.0/denonext/ed25519.js": "aff3373fed7e28a79128543855ad7bd83a65f0c5f91fdbbcc18049bbcf25244f",
    "https://esm.sh/v135/@noble/curves@1.7.0/denonext/p256.js": "8d94d66c319f2de7045af90963164be742f9777f2085cd588eada4addc91ee68",
    "https://esm.sh/v135/@noble/hashes@1.6.0/denonext/_assert.js": "5145c861a8aadcf9a11ff8675543119688bb86ab3f3d3672dd962232cd247e3c",
    "https://esm.sh/v135/@noble/hashes@1.6.0/denonext/_md.js": "016a6153c9b2488233aeb206a27f9a6be8d8e407606ae287c77964178399f73b",
    "https://esm.sh/v135/@noble/hashes@1.6.0/denonext/crypto.js": "18154fc6ee4b0a10169b73e06edcbec5e53b589c6c11f170fcc3feef65338826",
    "https://esm.sh/v135/@noble/hashes@1.6.0/denonext/hmac.js": "3c405fe1dd4532fff591e4b4382c5ac6f92162a2414a2a54fbfb80ac1b2004d2",
    "https://esm.sh/v135/@noble/hashes@1.6.0/denonext/sha256.js": "3c345b21c758a159f181ae8f87bd711f493e20df961c3183f7cbb0a0266efe6f",
    "https://esm.sh/v135/@noble/hashes@1.6.0/denonext/sha512.js": "9140777df82dfe5d0d852d39a7b708da6fcb5007acd700c444cc8578ad708606",
    "https://esm.sh/v135/@noble/hashes@1.6.0/denonext/utils.js": "701024db4648e434281ffb0bec4daf3952b74c1eba5c5f49c9fedf2d70b8e204",
    "https://esm.sh/v135/@noble/hashes@1.6.1/denonext/_assert.js": "f499c2a946360098ade3449dd88e35655bea4f24bbaaeda4bcb0797f999d07eb",
    "https://esm.sh/v135/@noble/hashes@1.6.1/denonext/_md.js": "f4b7c154d5238fd14dfb1e9089daa1268665df4b41ebc42f8b67b898e08e9fc8",
    "https://esm.sh/v135/@noble/hashes@1.6.1/denonext/crypto.js": "f7ee9a399f912bea76bf39772d59e4b08cf36fc2e10d62f9b4b1e31e2a2f6122",
    "https://esm.sh/v135/@noble/hashes@1.6.1/denonext/sha256.js": "84813ca6ed82bf7cc6627247683b184529723070645b07c9d6ee9c3707bbdca7",
    "https://esm.sh/v135/@noble/hashes@1.6.1/denonext/utils.js": "3e789b2cbdb37015e66e3b82a8d85551c63dbcba584d7b91cf958e7effc14dd8",
    "https://esm.sh/v135/@scure/base@1.2.1/denonext/base.mjs": "f8aaba996c36a4a30610031551b5a838b7152ae2db66d4d3a319c23702cfebce",
    "https://esm.sh/v135/ajv-formats@3.0.1/denonext/ajv-formats.mjs": "8edbd78b344ad19468e5cb43b5b2eef05600b5d6dfadf0967fa8969dbd6212d6",
    "https://esm.sh/v135/ajv@8.12.0/denonext/ajv.mjs": "4645df9093d0f8be0e964070a4a7aea8adea06e8883660340931f7a3f979fc65",
    "https://esm.sh/v135/ajv@8.12.0/denonext/dist/compile/codegen.js": "d981238e5b1e78217e1c6db59cbd594369279722c608ed630d08717ee44edd84",
    "https://esm.sh/v135/ajv@8.17.1/denonext/ajv.mjs": "704f78083e7ac737f67c38f37a3473d135e2204219db8ccd992a13f6a1f4e212",
    "https://esm.sh/v135/canonicalize@2.0.0/denonext/canonicalize.mjs": "e79d76ace22b124e55c8777671ab65d1fdfe49cb909a2f75936ce6a5aeba1625",
    "https://esm.sh/v135/fast-deep-equal@3.1.3/denonext/fast-deep-equal.mjs": "6313b3e05436550e1c0aeb2a282206b9b8d9213b4c6f247964dd7bb4835fb9e5",
    "https://esm.sh/v135/fast-uri@3.0.1/denonext/fast-uri.mjs": "fac5187f11b297bc2be866610ab5acefa2bce51aa681e8d5f28d24f0c76cbd7d",
    "https://esm.sh/v135/json-schema-traverse@1.0.0/denonext/json-schema-traverse.mjs": "c5da8353bc014e49ebbb1a2c0162d29969a14c325da19644e511f96ba670cc45",
    "https://esm.sh/v135/typescript-result@3.1.0/denonext/typescript-result.mjs": "bace08258205de7dd3938c7e82bbcca2af5f9d6e71a4a96d0624a933ee44946f",
    "https://esm.sh/v135/uri-js@4.4.1/denonext/uri-js.mjs": "901d462f9db207376b39ec603d841d87e6b9e9568ce97dfaab12aa77d0f99f74"
  }
}
