{
  "version": "4",
  "redirects": {
    "https://esm.sh/@enkaku/async@^0.11.0?target=denonext": "https://esm.sh/@enkaku/async@0.11.0?target=denonext",
    "https://esm.sh/@enkaku/capability@^0.11.0?target=denonext": "https://esm.sh/@enkaku/capability@0.11.0?target=denonext",
    "https://esm.sh/@enkaku/client": "https://esm.sh/@enkaku/client@0.11.0",
    "https://esm.sh/@enkaku/codec@^0.11.0?target=denonext": "https://esm.sh/@enkaku/codec@0.11.0?target=denonext",
    "https://esm.sh/@enkaku/event@^0.11.0?target=denonext": "https://esm.sh/@enkaku/event@0.11.0?target=denonext",
    "https://esm.sh/@enkaku/http-client-transport": "https://esm.sh/@enkaku/http-client-transport@0.11.0",
    "https://esm.sh/@enkaku/http-server-transport": "https://esm.sh/@enkaku/http-server-transport@0.11.0",
    "https://esm.sh/@enkaku/protocol@^0.11.0?target=denonext": "https://esm.sh/@enkaku/protocol@0.11.0?target=denonext",
    "https://esm.sh/@enkaku/schema@^0.11.0?target=denonext": "https://esm.sh/@enkaku/schema@0.11.0?target=denonext",
    "https://esm.sh/@enkaku/server": "https://esm.sh/@enkaku/server@0.11.0",
    "https://esm.sh/@enkaku/stream": "https://esm.sh/@enkaku/stream@0.11.0",
    "https://esm.sh/@enkaku/stream@^0.11.0?target=denonext": "https://esm.sh/@enkaku/stream@0.11.0?target=denonext",
    "https://esm.sh/@enkaku/token@^0.11.0?target=denonext": "https://esm.sh/@enkaku/token@0.11.0?target=denonext",
    "https://esm.sh/@enkaku/transport@^0.11.0?target=denonext": "https://esm.sh/@enkaku/transport@0.11.0?target=denonext",
    "https://esm.sh/@noble/curves@^1.8.1/ed25519?target=denonext": "https://esm.sh/@noble/curves@1.8.1/ed25519?target=denonext",
    "https://esm.sh/@noble/curves@^1.8.1/p256?target=denonext": "https://esm.sh/@noble/curves@1.8.1/p256?target=denonext",
    "https://esm.sh/@noble/hashes@^1.7.1/sha256?target=denonext": "https://esm.sh/@noble/hashes@1.7.1/sha256?target=denonext",
    "https://esm.sh/@scure/base@^1.2.4?target=denonext": "https://esm.sh/@scure/base@1.2.4?target=denonext",
    "https://esm.sh/ajv-formats@^3.0.1?target=denonext": "https://esm.sh/ajv-formats@3.0.1?target=denonext",
    "https://esm.sh/ajv@^8.0.0/dist/compile/codegen?target=denonext": "https://esm.sh/ajv@8.17.1/dist/compile/codegen?target=denonext",
    "https://esm.sh/ajv@^8.0.0?target=denonext": "https://esm.sh/ajv@8.17.1?target=denonext",
    "https://esm.sh/ajv@^8.17.1?target=denonext": "https://esm.sh/ajv@8.17.1?target=denonext",
    "https://esm.sh/canonicalize@^2.0.0?target=denonext": "https://esm.sh/canonicalize@2.0.0?target=denonext",
    "https://esm.sh/emittery@^1.1.0?target=denonext": "https://esm.sh/emittery@1.1.0?target=denonext",
    "https://esm.sh/fast-deep-equal@^3.1.3?target=denonext": "https://esm.sh/fast-deep-equal@3.1.3?target=denonext",
    "https://esm.sh/fast-uri@^3.0.1?target=denonext": "https://esm.sh/fast-uri@3.0.5?target=denonext",
    "https://esm.sh/json-schema-traverse@^1.0.0?target=denonext": "https://esm.sh/json-schema-traverse@1.0.0?target=denonext"
  },
  "remote": {
    "https://esm.sh/@enkaku/async@0.11.0/denonext/async.mjs": "929384fe6e737bcb975616b4c68c714472dba76314d05ea4712802713f4611e3",
    "https://esm.sh/@enkaku/async@0.11.0?target=denonext": "43aab872894be748f403cbdafe546294da5e7e6ede408b82396cc49a946f3028",
    "https://esm.sh/@enkaku/capability@0.11.0/denonext/capability.mjs": "14beafb411a8386fcd4ed1ee36e47df4403b5a1f209e8a90366168fd8a565528",
    "https://esm.sh/@enkaku/capability@0.11.0?target=denonext": "21be6f09f662b9d205ac9a276667459595b58552ca6ec26a285f3739b94c3942",
    "https://esm.sh/@enkaku/client@0.11.0": "31147409baf077c94d20148c3fbd573c5fc8614ec1c40fda043f40e9e204f812",
    "https://esm.sh/@enkaku/client@0.11.0/denonext/client.mjs": "ce748fc43b43db936d792b0f79a008cc6a2c44387715e217cc4547ce9d12e1a6",
    "https://esm.sh/@enkaku/codec@0.11.0/denonext/codec.mjs": "045a2b09a21ead3c38df65f0f1556a0b2f101f41ceafaa73cfcf6b3a7cacfd79",
    "https://esm.sh/@enkaku/codec@0.11.0?target=denonext": "7e25f1dc3b5b4122cb62133287489b5c16a78753b687542ec8c554bc61c75999",
    "https://esm.sh/@enkaku/event@0.11.0/denonext/event.mjs": "5f0754547be4cf442a0dc0bc20fd77e36976faee427d71faccf92bb8372e9439",
    "https://esm.sh/@enkaku/event@0.11.0?target=denonext": "d0ab542d4f51ecc432d89da05d69c035f086a9daa8938361757097df8851485c",
    "https://esm.sh/@enkaku/http-client-transport@0.11.0": "7a70d8e8a31f53d4a3a58f9af96c2611277c37e5d96696188980f6fbab57d96d",
    "https://esm.sh/@enkaku/http-client-transport@0.11.0/denonext/http-client-transport.mjs": "da5607f5dabd072c5763ddf813667956a6eb341838d7a3722870358e01c0902d",
    "https://esm.sh/@enkaku/http-server-transport@0.11.0": "56354f62556401ce51dfc37c5c433b3fe6480f4ef17163c174fb691fef292419",
    "https://esm.sh/@enkaku/http-server-transport@0.11.0/denonext/http-server-transport.mjs": "d2caf499e7d622f559a88daca5838dc0b204c23b116c7958eb738a0280646244",
    "https://esm.sh/@enkaku/protocol@0.11.0/denonext/protocol.mjs": "adcf50f896eac928e5f6ac0453b96b00f46b0da85ea601c48c477a54edf6cba7",
    "https://esm.sh/@enkaku/protocol@0.11.0?target=denonext": "86e56d1c9cca936808e62c4b2d473a2dbd736f98fd17ab1638d161a496afc8b6",
    "https://esm.sh/@enkaku/schema@0.11.0/denonext/schema.mjs": "6f2fef91398bbb03d1bd10ddd9436a25879e6905b9ec3df32c41794fcf499838",
    "https://esm.sh/@enkaku/schema@0.11.0?target=denonext": "0fa4cacdf77117ad2356d2ff389df1787ba4e5f570c5b8899481d348c6a120c0",
    "https://esm.sh/@enkaku/server@0.11.0": "5d6a70f6ef1aa8c72bc2c18ae7bc4381f9dbd8a5eafd7c2d44553d9de73158ca",
    "https://esm.sh/@enkaku/server@0.11.0/denonext/server.mjs": "300faab2018d563fd5e75a23bb0c31f1503a219aa1154f920f62053419755995",
    "https://esm.sh/@enkaku/stream@0.11.0": "ce74c699502a4ea8d632784c6b08b83c20026b3794681daa602d3e7089ba4a9b",
    "https://esm.sh/@enkaku/stream@0.11.0/denonext/stream.mjs": "cf890d5042f78e6375db8531806f2082aa22ab23539f8db23d34bffa58de5b8d",
    "https://esm.sh/@enkaku/stream@0.11.0?target=denonext": "ce74c699502a4ea8d632784c6b08b83c20026b3794681daa602d3e7089ba4a9b",
    "https://esm.sh/@enkaku/token@0.11.0/denonext/token.mjs": "5915aa4cdf79ac4809009950885b257d90b1c61874c399635393a2c467cf72b9",
    "https://esm.sh/@enkaku/token@0.11.0?target=denonext": "decce5d4bbde11dfa1853edf12ab3e2d9fb5538a22007385549daf14e8fd87dd",
    "https://esm.sh/@enkaku/transport@0.11.0/denonext/transport.mjs": "05ed8a9edd7d245592a957bca941253148f3d77e1e267f17057691d81049a5ec",
    "https://esm.sh/@enkaku/transport@0.11.0?target=denonext": "15b58a5bdcfa33b1dfe14a1161296306c858b10350a805b824fdd37a0a9cb491",
    "https://esm.sh/@noble/curves@1.8.1/denonext/_shortw_utils.mjs": "767be86aa215be3695a69067cae629da61ab5b2328a42eeebbbde0110aa1d205",
    "https://esm.sh/@noble/curves@1.8.1/denonext/abstract/curve.mjs": "0497b6024122158e3132016b135c7aff0f003fc7951e7c9fb3f1c149829006d4",
    "https://esm.sh/@noble/curves@1.8.1/denonext/abstract/edwards.mjs": "ab92ab467434db4e0c3c9d9b181e76cfe4b2182507bc1085132b4ccd691cb9b3",
    "https://esm.sh/@noble/curves@1.8.1/denonext/abstract/hash-to-curve.mjs": "1b1f2769c2eeb7d78ee9417cc61c88110b3cb8554609bcc664ee0ca41ec414c3",
    "https://esm.sh/@noble/curves@1.8.1/denonext/abstract/modular.mjs": "a250a064827e341a84b61b35f8e32bb69e88d0b9f0ab883625d0ee1c35201c7e",
    "https://esm.sh/@noble/curves@1.8.1/denonext/abstract/montgomery.mjs": "5c4fe3c05a0c7709bf01f20a58b73023556866081de21ee7a0e4aabcebf50893",
    "https://esm.sh/@noble/curves@1.8.1/denonext/abstract/utils.mjs": "e1817c68cda217973789952ad13907a054fe04e1e08c7ec6ca787dacb1dcbead",
    "https://esm.sh/@noble/curves@1.8.1/denonext/abstract/weierstrass.mjs": "81fb0871b8d8b6c70f24d217f8a52040a2d64dab78fadcae662a04da7e496172",
    "https://esm.sh/@noble/curves@1.8.1/denonext/ed25519.mjs": "2839a622aad870cc5120a736c61015b171cd2086e4d630181149f539b3dadac0",
    "https://esm.sh/@noble/curves@1.8.1/denonext/p256.mjs": "ddfb7d9e8dbfc66d24e841fe584de016dcf4552e53304dd7506d5fa8e49a2212",
    "https://esm.sh/@noble/curves@1.8.1/ed25519?target=denonext": "03efce1a10a27e79b2568e63234ff0bd627d3870c9758b0340c76479290e63ff",
    "https://esm.sh/@noble/curves@1.8.1/p256?target=denonext": "5a3362903f9bbe945233906f11c2cbf4ce344bbebc5c099d3abc7ee424f14f27",
    "https://esm.sh/@noble/hashes@1.7.1/denonext/_assert.mjs": "df2825ef01234966d4ff0f56de2cf56849541919f03af58b1d4b41bc20583cf9",
    "https://esm.sh/@noble/hashes@1.7.1/denonext/_md.mjs": "4a38df8984c8bc9543e59d3ddc58d82d1eb0e5b18c69c93f97d8e8412f6374a0",
    "https://esm.sh/@noble/hashes@1.7.1/denonext/crypto.mjs": "19767995fc1660cf43a69cb270a9f42fe395000cd979eea60a48e9552ad70222",
    "https://esm.sh/@noble/hashes@1.7.1/denonext/esm/_u64.mjs": "dc18594209ec4ac8d35fd701da5aa6ad6cd30236156d7f903336206e65ebed30",
    "https://esm.sh/@noble/hashes@1.7.1/denonext/hmac.mjs": "c40cf4ce5d58236881ebebb3fc7dcc704bbe28c4089d3633d6a265efd001334a",
    "https://esm.sh/@noble/hashes@1.7.1/denonext/sha256.mjs": "a560807635225fc4ae73191b168d5136798c441543e187a9cf18b40830f4571d",
    "https://esm.sh/@noble/hashes@1.7.1/denonext/sha512.mjs": "021263a6b490613e7f778e8293c3ef6c40028f2452d2e705a4b65d21fb1e9f27",
    "https://esm.sh/@noble/hashes@1.7.1/denonext/utils.mjs": "0bb40584a0961905f21e5a0f119c6c286544f3c4385bc93c7671c8170c373698",
    "https://esm.sh/@noble/hashes@1.7.1/sha256?target=denonext": "ab75c892f283e6a954fc87505e672d538f00d04b91bafd7b961907115a354c88",
    "https://esm.sh/@scure/base@1.2.4/denonext/base.mjs": "a9642c95f044b2ab535bba80bc2ab00f72c189a7162fc9bf8e1b1cfb2346b462",
    "https://esm.sh/@scure/base@1.2.4?target=denonext": "224dee0ed51c2adc07ca6e6103ac3d29db8f5779ac167cdac5361b1853319a98",
    "https://esm.sh/ajv-formats@3.0.1/denonext/ajv-formats.mjs": "bee9a515ff4223dc79efe320f90c7b060f24281c704b820e286c71a2135aeab9",
    "https://esm.sh/ajv-formats@3.0.1?target=denonext": "6f020dcf471a8d78d2d8c14fda5c2504c900834b0882db49ec954ba52f66e323",
    "https://esm.sh/ajv@8.17.1/denonext/ajv.mjs": "93640b28521b7fca32e34a3534343176c06dd65bdd6ca6a14ec97562f278e949",
    "https://esm.sh/ajv@8.17.1/denonext/dist/compile/codegen.mjs": "9c5f9d647acb028079ab5a1cac9f154b518a354b8c70350cacd65308e44a0f68",
    "https://esm.sh/ajv@8.17.1/dist/compile/codegen?target=denonext": "f9007ce90ecd16e86c57b1d6cb54e8492bdb4c3c27fb074a1389717296ea572c",
    "https://esm.sh/ajv@8.17.1?target=denonext": "a04e4f86e082abdcbf765a7f54d9aa96f77e27ef5553254b5b049c7e6c489435",
    "https://esm.sh/canonicalize@2.0.0/denonext/canonicalize.mjs": "d3bde5534f533410bba26254c67cd30d5f46c000f29c93eb1a943bcd29409aaf",
    "https://esm.sh/canonicalize@2.0.0?target=denonext": "0c5629c18917b593c63c32ea49e796f24884cc684098ce25bdb4c9c12a181a74",
    "https://esm.sh/emittery@1.1.0/denonext/emittery.mjs": "4dff1870274c96d98a7cc7f62a6efc7ae5fd1c62ad421433dab9d3a9906c9bc8",
    "https://esm.sh/emittery@1.1.0?target=denonext": "819158fcc54f55e2b20f1527a14fbaf4d8dce06240c1c62b27abd5f6f0dd4383",
    "https://esm.sh/fast-deep-equal@3.1.3/denonext/fast-deep-equal.mjs": "66e5d717af5e6a08366cc6aa421af1838a773895070bfee46c45102adf7ddc5f",
    "https://esm.sh/fast-deep-equal@3.1.3?target=denonext": "2d47696bbd2c43a836e333ae5035542a56eb76e4fd728204c75eaaeea86c3b5c",
    "https://esm.sh/fast-uri@3.0.5/denonext/fast-uri.mjs": "03e0229e067334e94670649cd5cdfb85bb52316beef903788f730ca13e596cf0",
    "https://esm.sh/fast-uri@3.0.5?target=denonext": "f09ce4cec02c625ae7aa308a5cb5a6b4e64d1437f985bc6ea039dcc7dcec1cc6",
    "https://esm.sh/json-schema-traverse@1.0.0/denonext/json-schema-traverse.mjs": "4cd3fc9a056d4498d24e4862b19aa93f72f4f7785a00573b0c579576faa1783b",
    "https://esm.sh/json-schema-traverse@1.0.0?target=denonext": "3e60200c0d28b5e081db526a78c7911c094fd64c92484ebe050becb8f69788bb"
  }
}
