{
  "version": "5",
  "redirects": {
    "https://esm.sh/@enkaku/async@^0.12.0?target=denonext": "https://esm.sh/@enkaku/async@0.12.2?target=denonext",
    "https://esm.sh/@enkaku/async@^0.12.2?target=denonext": "https://esm.sh/@enkaku/async@0.12.2?target=denonext",
    "https://esm.sh/@enkaku/capability@^0.12.1?target=denonext": "https://esm.sh/@enkaku/capability@0.12.1?target=denonext",
    "https://esm.sh/@enkaku/client": "https://esm.sh/@enkaku/client@0.12.1",
    "https://esm.sh/@enkaku/codec@^0.12.0?target=denonext": "https://esm.sh/@enkaku/codec@0.12.0?target=denonext",
    "https://esm.sh/@enkaku/event@^0.12.0?target=denonext": "https://esm.sh/@enkaku/event@0.12.1?target=denonext",
    "https://esm.sh/@enkaku/event@^0.12.1?target=denonext": "https://esm.sh/@enkaku/event@0.12.1?target=denonext",
    "https://esm.sh/@enkaku/http-client-transport": "https://esm.sh/@enkaku/http-client-transport@0.12.0",
    "https://esm.sh/@enkaku/http-server-transport": "https://esm.sh/@enkaku/http-server-transport@0.12.2",
    "https://esm.sh/@enkaku/protocol@^0.12.1?target=denonext": "https://esm.sh/@enkaku/protocol@0.12.1?target=denonext",
    "https://esm.sh/@enkaku/schema@^0.12.1?target=denonext": "https://esm.sh/@enkaku/schema@0.12.1?target=denonext",
    "https://esm.sh/@enkaku/server": "https://esm.sh/@enkaku/server@0.12.1",
    "https://esm.sh/@enkaku/stream": "https://esm.sh/@enkaku/stream@0.12.4",
    "https://esm.sh/@enkaku/stream@^0.12.0?target=denonext": "https://esm.sh/@enkaku/stream@0.12.4?target=denonext",
    "https://esm.sh/@enkaku/stream@^0.12.4?target=denonext": "https://esm.sh/@enkaku/stream@0.12.4?target=denonext",
    "https://esm.sh/@enkaku/token@^0.12.1?target=denonext": "https://esm.sh/@enkaku/token@0.12.3?target=denonext",
    "https://esm.sh/@enkaku/transport@^0.12.0?target=denonext": "https://esm.sh/@enkaku/transport@0.12.0?target=denonext",
    "https://esm.sh/@noble/curves@^2.0.0/ed25519?target=denonext": "https://esm.sh/@noble/curves@2.0.1/ed25519?target=denonext",
    "https://esm.sh/@noble/curves@^2.0.0/nist?target=denonext": "https://esm.sh/@noble/curves@2.0.1/nist?target=denonext",
    "https://esm.sh/@scure/base@^2.0.0?target=denonext": "https://esm.sh/@scure/base@2.0.0?target=denonext",
    "https://esm.sh/ajv-formats@^3.0.1?target=denonext": "https://esm.sh/ajv-formats@3.0.1?target=denonext",
    "https://esm.sh/ajv@^8.0.0/dist/compile/codegen?target=denonext": "https://esm.sh/ajv@8.17.1/dist/compile/codegen?target=denonext",
    "https://esm.sh/ajv@^8.0.0?target=denonext": "https://esm.sh/ajv@8.17.1?target=denonext",
    "https://esm.sh/ajv@^8.17.1?target=denonext": "https://esm.sh/ajv@8.17.1?target=denonext",
    "https://esm.sh/canonicalize@^2.1.0?target=denonext": "https://esm.sh/canonicalize@2.1.0?target=denonext",
    "https://esm.sh/emittery@^1.2.0?target=denonext": "https://esm.sh/emittery@1.2.0?target=denonext",
    "https://esm.sh/fast-deep-equal@^3.1.3?target=denonext": "https://esm.sh/fast-deep-equal@3.1.3?target=denonext",
    "https://esm.sh/fast-uri@^3.0.1?target=denonext": "https://esm.sh/fast-uri@3.1.0?target=denonext",
    "https://esm.sh/json-schema-traverse@^1.0.0?target=denonext": "https://esm.sh/json-schema-traverse@1.0.0?target=denonext"
  },
  "remote": {
    "https://esm.sh/@enkaku/async@0.12.2/denonext/async.mjs": "fd4a99ba60156ae6deb53dbba4549ac4ebd5c9c655379d86e59125d9b7ab9ff5",
    "https://esm.sh/@enkaku/async@0.12.2?target=denonext": "1c2c813e2280d7a48b33bed15991c1d12f7cdf0ed6f687f6886accd950fc4a1f",
    "https://esm.sh/@enkaku/capability@0.12.1/denonext/capability.mjs": "968e19f2fe1c61311abe2357d0f8d642d61c6b6a039d424c4ab9c370d955e616",
    "https://esm.sh/@enkaku/capability@0.12.1?target=denonext": "123751665e7bda556aa7195899e2fbfb37ddb71497ec0db26302e5a07c63488d",
    "https://esm.sh/@enkaku/client@0.12.1": "336c02d57330a4513109993b5722681d4bd210f966b8c097f19f38e12088d712",
    "https://esm.sh/@enkaku/client@0.12.1/denonext/client.mjs": "37d08b524e70b7952ce13e7cfb1013d8102d99d02f56bd8d828b575707d5fd0e",
    "https://esm.sh/@enkaku/codec@0.12.0/denonext/codec.mjs": "c2f73c51a86e25e44970c4067b1973334a231444f5bf63cfbbccc9a15cde64b2",
    "https://esm.sh/@enkaku/codec@0.12.0?target=denonext": "f604324e6b20255957be508f27012d4f258b1f6a02c6b97e4e1bef3b170d8b96",
    "https://esm.sh/@enkaku/event@0.12.1/denonext/event.mjs": "1a70e4c40f9541bf4cf95005a66d9661480245a5be6815a34a0f2957fe5c3bf3",
    "https://esm.sh/@enkaku/event@0.12.1?target=denonext": "6eaa82df65241b0f818bedb89187afbe31b75cd995274a2b4d473c6659fcc147",
    "https://esm.sh/@enkaku/http-client-transport@0.12.0": "ba85057b4aaa2c10d7678499c55a834e8c59e9b681abf8dc80deb68d1dd62b49",
    "https://esm.sh/@enkaku/http-client-transport@0.12.0/denonext/http-client-transport.mjs": "d800b3c15d612c96923ae0c4caaffb26aa001f20cf1718a5058b96f21cf000c3",
    "https://esm.sh/@enkaku/http-server-transport@0.12.2": "05610726753c370eba91155ae7254108ad4a046fda95b77efe470b2ecdd3a130",
    "https://esm.sh/@enkaku/http-server-transport@0.12.2/denonext/http-server-transport.mjs": "19997bb6488a7387fab6ac9ca19007782fbe025074962a2d1f7c073e046ec0d0",
    "https://esm.sh/@enkaku/protocol@0.12.1/denonext/protocol.mjs": "bfabd23a4ff22abc2221705cd572ebbaedcbceb7a656263b7b23cdb9491de4e8",
    "https://esm.sh/@enkaku/protocol@0.12.1?target=denonext": "c6824476eef6814b7c4667931d2e5dc8a9bf2dfd1927396a6d16504ff51c5a5b",
    "https://esm.sh/@enkaku/schema@0.12.1/denonext/schema.mjs": "f9ec821422458436cf868fb7f6d240632717bb6e6f09f7b51d2dd03af60622ba",
    "https://esm.sh/@enkaku/schema@0.12.1?target=denonext": "8d700c69c5dd7df01c18b435ef00f8fbbd3b036634b0f41cd2d20314968393d6",
    "https://esm.sh/@enkaku/server@0.12.1": "0bf9f7e984655f6353a9ffc3f1a4a7861099e25bc1c59940c1bd13c0091afa9d",
    "https://esm.sh/@enkaku/server@0.12.1/denonext/server.mjs": "4a68846c68b99239998e8fea00a29e4c0c88178951d6c15096eff3fea46dc92d",
    "https://esm.sh/@enkaku/stream@0.12.4": "75aa95c43eac2810507422b60b9ed7533cbdf74fbc8c742f16973efe96b9b553",
    "https://esm.sh/@enkaku/stream@0.12.4/denonext/stream.mjs": "7274939cfecfb106aefec2c460a48dc773277d1e0c52ec7b6134c3221a332fbd",
    "https://esm.sh/@enkaku/stream@0.12.4?target=denonext": "75aa95c43eac2810507422b60b9ed7533cbdf74fbc8c742f16973efe96b9b553",
    "https://esm.sh/@enkaku/token@0.12.3/denonext/token.mjs": "3cef3dc5ea1890e17ef9d493c69ebf0be4db4160285b96dc0e5c39e13b1c9fcd",
    "https://esm.sh/@enkaku/token@0.12.3?target=denonext": "9be14c4bec4fc5c8116596294c1532becdc32088d569ff58d7ebefa37bd2624d",
    "https://esm.sh/@enkaku/transport@0.12.0/denonext/transport.mjs": "5ce536bff70915a272563f9302e1fbbca1dc4677377e025b789a3a0dd5c4a0e3",
    "https://esm.sh/@enkaku/transport@0.12.0?target=denonext": "9af41cb21a1232249187fa10068710888e0887067a610cce73e2a1499bec6de0",
    "https://esm.sh/@noble/curves@2.0.1/denonext/abstract/curve.mjs": "b8911681c866acc83328eedca6638ad8cf918b1ab5740bd7604c135423fcdf60",
    "https://esm.sh/@noble/curves@2.0.1/denonext/abstract/edwards.mjs": "55c448dbb8e5b54da27fba41ad686d591175308e70ca9d5b80ea45869551e55b",
    "https://esm.sh/@noble/curves@2.0.1/denonext/abstract/hash-to-curve.mjs": "1e367fe7b01effb22dcd599fa7bee1ffc526c4ee5d8f26e73b146d226f45307b",
    "https://esm.sh/@noble/curves@2.0.1/denonext/abstract/modular.mjs": "e3f4433b4fd952fc1bc1aef84617fec7e4198194de745f0db3ca37fb051ad6ca",
    "https://esm.sh/@noble/curves@2.0.1/denonext/abstract/montgomery.mjs": "0cab1717b00cbba74ff26723ff33ee82ff64bfc08d2f9d50e650e29cd0d88604",
    "https://esm.sh/@noble/curves@2.0.1/denonext/abstract/oprf.mjs": "54da4b0bc0c499e4c69d33314c0214cd8538432cedd08d32647165d675e6bf9f",
    "https://esm.sh/@noble/curves@2.0.1/denonext/abstract/weierstrass.mjs": "f0f25e6b8a3197fedbf3e522e40ad886ab0ebffb6f227e3fd381a78330c06110",
    "https://esm.sh/@noble/curves@2.0.1/denonext/ed25519.mjs": "895b2471d8f6ac280109aac50b36866bc86e04ec503e798d1d73d7b71b62b52c",
    "https://esm.sh/@noble/curves@2.0.1/denonext/nist.mjs": "e29c5cfe1437cc72bbe4fb71100b3f5defec19caab85d10a500cd8a4f7dea378",
    "https://esm.sh/@noble/curves@2.0.1/denonext/utils.mjs": "77330072b9e46b7354eb63d4348f661e7c01d0133068b6e0dec79297c916afd7",
    "https://esm.sh/@noble/curves@2.0.1/ed25519?target=denonext": "855d63e67bbe9f3540df456579dd94065d6536f0a8b790d36ecdf6952e653181",
    "https://esm.sh/@noble/curves@2.0.1/nist?target=denonext": "c214db9fe9bf0524f28cf8801569339794596a8b9991cdc80bbffe85b818429b",
    "https://esm.sh/@noble/hashes@2.0.1/denonext/_md.mjs": "9bb9822cc8fdaa2920bee40d6144674497336ff87479db53f7a968409efdcd3a",
    "https://esm.sh/@noble/hashes@2.0.1/denonext/_u64.mjs": "8a759b7294226d3d0a3fa24bc733ffac8ad7a703479c6ee2985b39762939d603",
    "https://esm.sh/@noble/hashes@2.0.1/denonext/hmac.mjs": "5338eb1d436cfc443c6daac25a87261d6c9b4fdc3ebe15ce325ad67ee2bd492a",
    "https://esm.sh/@noble/hashes@2.0.1/denonext/sha2.mjs": "a9b645fee4f3b3a797ca49eaa6ff86eedf8382728d97c9e96e32858e81843b6c",
    "https://esm.sh/@noble/hashes@2.0.1/denonext/utils.mjs": "791b6e5af54b7f310e560257a19c8cd7fc267772ef3ec2082563c5f245231fb7",
    "https://esm.sh/@scure/base@2.0.0/denonext/base.mjs": "8eb79e4c388fdc6b91c2c638368706cda2b7269a17a5c850e8c679fee58cad1c",
    "https://esm.sh/@scure/base@2.0.0?target=denonext": "680df4cae2d15a0839405a838eee29b29a18f7aabdd941d022581a25b753fde0",
    "https://esm.sh/ajv-formats@3.0.1/denonext/ajv-formats.mjs": "bee9a515ff4223dc79efe320f90c7b060f24281c704b820e286c71a2135aeab9",
    "https://esm.sh/ajv-formats@3.0.1?target=denonext": "6f020dcf471a8d78d2d8c14fda5c2504c900834b0882db49ec954ba52f66e323",
    "https://esm.sh/ajv@8.17.1/denonext/ajv.mjs": "93640b28521b7fca32e34a3534343176c06dd65bdd6ca6a14ec97562f278e949",
    "https://esm.sh/ajv@8.17.1/denonext/dist/compile/codegen.mjs": "9c5f9d647acb028079ab5a1cac9f154b518a354b8c70350cacd65308e44a0f68",
    "https://esm.sh/ajv@8.17.1/dist/compile/codegen?target=denonext": "f9007ce90ecd16e86c57b1d6cb54e8492bdb4c3c27fb074a1389717296ea572c",
    "https://esm.sh/ajv@8.17.1?target=denonext": "a04e4f86e082abdcbf765a7f54d9aa96f77e27ef5553254b5b049c7e6c489435",
    "https://esm.sh/canonicalize@2.1.0/denonext/canonicalize.mjs": "0f1eece8a1e6f67921092c7b1fa9f0be67ede58ba4c6c26600d4c5a33100bbcf",
    "https://esm.sh/canonicalize@2.1.0?target=denonext": "36f2f6f7c5346ca3236f37fb007f935d6c10d10f8babaf2fb5f980935f14ba35",
    "https://esm.sh/emittery@1.2.0/denonext/emittery.mjs": "b594323794adb320fb17027aa0a9c8e31e74ca25e48bfd8c6b14d455edfa17d8",
    "https://esm.sh/emittery@1.2.0?target=denonext": "121bc4d5b067720c63cb474f78c08595e074c62bf59d59f46d6ed1c747dc3be7",
    "https://esm.sh/fast-deep-equal@3.1.3/denonext/fast-deep-equal.mjs": "66e5d717af5e6a08366cc6aa421af1838a773895070bfee46c45102adf7ddc5f",
    "https://esm.sh/fast-deep-equal@3.1.3?target=denonext": "2d47696bbd2c43a836e333ae5035542a56eb76e4fd728204c75eaaeea86c3b5c",
    "https://esm.sh/fast-uri@3.1.0/denonext/fast-uri.mjs": "fe0d9a3a208d8117fbba9cba08865dba4d95cd31ac5e8685a233714104383717",
    "https://esm.sh/fast-uri@3.1.0?target=denonext": "cddcd73681e94a6022a6df3cb31cdf6a916eab4abcca6e316010b5f2674e584b",
    "https://esm.sh/json-schema-traverse@1.0.0/denonext/json-schema-traverse.mjs": "4cd3fc9a056d4498d24e4862b19aa93f72f4f7785a00573b0c579576faa1783b",
    "https://esm.sh/json-schema-traverse@1.0.0?target=denonext": "3e60200c0d28b5e081db526a78c7911c094fd64c92484ebe050becb8f69788bb"
  }
}
